
Microsoft Visual Studio Solution File, Format Version 12.00
# Visual Studio Version 17
VisualStudioVersion = 17.3.32825.248
MinimumVisualStudioVersion = 10.0.40219.1
Project("{9A19103F-16F7-4668-BE54-9A1E7A4F7556}") = "Mindbox", "Mindbox\Mindbox.csproj", "{4407CFAD-59FC-4802-804E-832258A7B6D1}"
EndProject
Project("{9A19103F-16F7-4668-BE54-9A1E7A4F7556}") = "test", "test\test.csproj", "{9C902E65-5935-4E2E-A97C-F7553C05BB25}"
EndProject
Project("{FAE04EC0-301F-11D3-BF4B-00C04F79EFBC}") = "Mindbox.Tests", "Mindbox.Tests\Mindbox.Tests.csproj", "{E9057D89-5C28-439F-BF14-B37618CC69E0}"
EndProject
Global
	GlobalSection(SolutionConfigurationPlatforms) = preSolution
		Debug|Any CPU = Debug|Any CPU
		Release|Any CPU = Release|Any CPU
	EndGlobalSection
	GlobalSection(ProjectConfigurationPlatforms) = postSolution
		{4407CFAD-59FC-4802-804E-832258A7B6D1}.Debug|Any CPU.ActiveCfg = Debug|Any CPU
		{4407CFAD-59FC-4802-804E-832258A7B6D1}.Debug|Any CPU.Build.0 = Debug|Any CPU
		{4407CFAD-59FC-4802-804E-832258A7B6D1}.Release|Any CPU.ActiveCfg = Release|Any CPU
		{4407CFAD-59FC-4802-804E-832258A7B6D1}.Release|Any CPU.Build.0 = Release|Any CPU
		{9C902E65-5935-4E2E-A97C-F7553C05BB25}.Debug|Any CPU.ActiveCfg = Debug|Any CPU
		{9C902E65-5935-4E2E-A97C-F7553C05BB25}.Debug|Any CPU.Build.0 = Debug|Any CPU
		{9C902E65-5935-4E2E-A97C-F7553C05BB25}.Release|Any CPU.ActiveCfg = Release|Any CPU
		{9C902E65-5935-4E2E-A97C-F7553C05BB25}.Release|Any CPU.Build.0 = Release|Any CPU
		{E9057D89-5C28-439F-BF14-B37618CC69E0}.Debug|Any CPU.ActiveCfg = Debug|Any CPU
		{E9057D89-5C28-439F-BF14-B37618CC69E0}.Debug|Any CPU.Build.0 = Debug|Any CPU
		{E9057D89-5C28-439F-BF14-B37618CC69E0}.Release|Any CPU.ActiveCfg = Release|Any CPU
		{E9057D89-5C28-439F-BF14-B37618CC69E0}.Release|Any CPU.Build.0 = Release|Any CPU
	EndGlobalSection
	GlobalSection(SolutionProperties) = preSolution
		HideSolutionNode = FALSE
	EndGlobalSection
	GlobalSection(ExtensibilityGlobals) = postSolution
		SolutionGuid = {29384F27-CB87-4DE8-949A-6B360C72D6E9}
	EndGlobalSection
EndGlobal
